
Microsoft Visual Studio Solution File, Format Version 12.00
# Visual Studio Version 17
VisualStudioVersion = 17.3.32922.545
MinimumVisualStudioVersion = 10.0.40219.1
Project("{FAE04EC0-301F-11D3-BF4B-00C04F79EFBC}") = "Array", "Array\Array.csproj", "{07A7DA05-2F82-495C-8BB0-750724BFEDAA}"
EndProject
Project("{FAE04EC0-301F-11D3-BF4B-00C04F79EFBC}") = "TreinoCampoHarmonico", "TreinoCampoHarmonico\TreinoCampoHarmonico.csproj", "{43880223-3562-463B-8C82-462DE78FD158}"
EndProject
Project("{FAE04EC0-301F-11D3-BF4B-00C04F79EFBC}") = "Numeros", "Numeros\Numeros.csproj", "{56A8C20F-341F-4888-9FD1-8D45AB37F560}"
EndProject
Project("{FAE04EC0-301F-11D3-BF4B-00C04F79EFBC}") = "Nomes", "Nomes\Nomes.csproj", "{C3F482E8-BCC5-4D96-A5FE-E9EFB577C5A8}"
EndProject
Project("{FAE04EC0-301F-11D3-BF4B-00C04F79EFBC}") = "Banco", "Banco\Banco.csproj", "{821FACB8-55E8-46B6-9D1D-AAC05B42E03F}"
EndProject
Project("{FAE04EC0-301F-11D3-BF4B-00C04F79EFBC}") = "ArrayListEstudo", "ArrayListEstudo\ArrayListEstudo.csproj", "{F1FE2867-37E7-489A-BEF0-A8AEEC0C5713}"
EndProject
Project("{FAE04EC0-301F-11D3-BF4B-00C04F79EFBC}") = "ArrayList", "ArrayList\ArrayList.csproj", "{D81FE209-CBFA-4CF4-B053-1FF8AED01995}"
EndProject
Project("{FAE04EC0-301F-11D3-BF4B-00C04F79EFBC}") = "List", "List\List.csproj", "{F093A607-1FBB-462C-8582-31566D1956CA}"
EndProject
Project("{FAE04EC0-301F-11D3-BF4B-00C04F79EFBC}") = "QueueEstudo", "QueueEstudo\QueueEstudo.csproj", "{45FC4E0B-370D-4625-9A8E-FFD0E3E15134}"
EndProject
Project("{FAE04EC0-301F-11D3-BF4B-00C04F79EFBC}") = "BancoQueue", "BancoQueue\BancoQueue.csproj", "{82A26933-41C7-42DB-8E24-5409DB2957E3}"
EndProject
Project("{FAE04EC0-301F-11D3-BF4B-00C04F79EFBC}") = "Stack", "Stack\Stack.csproj", "{8B48CDD1-6BAF-469E-8FF1-FE75759A9AD3}"
EndProject
Project("{FAE04EC0-301F-11D3-BF4B-00C04F79EFBC}") = "Jogo", "Jogo\Jogo.csproj", "{BAC86F22-E4D0-44AC-A69E-CBB6AC754530}"
EndProject
Project("{FAE04EC0-301F-11D3-BF4B-00C04F79EFBC}") = "ParesEImpares", "ParesEImpares\ParesEImpares.csproj", "{B36B0544-E515-42E7-BB0C-A657270D748F}"
EndProject
Global
	GlobalSection(SolutionConfigurationPlatforms) = preSolution
		Debug|Any CPU = Debug|Any CPU
		Release|Any CPU = Release|Any CPU
	EndGlobalSection
	GlobalSection(ProjectConfigurationPlatforms) = postSolution
		{07A7DA05-2F82-495C-8BB0-750724BFEDAA}.Debug|Any CPU.ActiveCfg = Debug|Any CPU
		{07A7DA05-2F82-495C-8BB0-750724BFEDAA}.Debug|Any CPU.Build.0 = Debug|Any CPU
		{07A7DA05-2F82-495C-8BB0-750724BFEDAA}.Release|Any CPU.ActiveCfg = Release|Any CPU
		{07A7DA05-2F82-495C-8BB0-750724BFEDAA}.Release|Any CPU.Build.0 = Release|Any CPU
		{43880223-3562-463B-8C82-462DE78FD158}.Debug|Any CPU.ActiveCfg = Debug|Any CPU
		{43880223-3562-463B-8C82-462DE78FD158}.Debug|Any CPU.Build.0 = Debug|Any CPU
		{43880223-3562-463B-8C82-462DE78FD158}.Release|Any CPU.ActiveCfg = Release|Any CPU
		{43880223-3562-463B-8C82-462DE78FD158}.Release|Any CPU.Build.0 = Release|Any CPU
		{56A8C20F-341F-4888-9FD1-8D45AB37F560}.Debug|Any CPU.ActiveCfg = Debug|Any CPU
		{56A8C20F-341F-4888-9FD1-8D45AB37F560}.Debug|Any CPU.Build.0 = Debug|Any CPU
		{56A8C20F-341F-4888-9FD1-8D45AB37F560}.Release|Any CPU.ActiveCfg = Release|Any CPU
		{56A8C20F-341F-4888-9FD1-8D45AB37F560}.Release|Any CPU.Build.0 = Release|Any CPU
		{C3F482E8-BCC5-4D96-A5FE-E9EFB577C5A8}.Debug|Any CPU.ActiveCfg = Debug|Any CPU
		{C3F482E8-BCC5-4D96-A5FE-E9EFB577C5A8}.Debug|Any CPU.Build.0 = Debug|Any CPU
		{C3F482E8-BCC5-4D96-A5FE-E9EFB577C5A8}.Release|Any CPU.ActiveCfg = Release|Any CPU
		{C3F482E8-BCC5-4D96-A5FE-E9EFB577C5A8}.Release|Any CPU.Build.0 = Release|Any CPU
		{821FACB8-55E8-46B6-9D1D-AAC05B42E03F}.Debug|Any CPU.ActiveCfg = Debug|Any CPU
		{821FACB8-55E8-46B6-9D1D-AAC05B42E03F}.Debug|Any CPU.Build.0 = Debug|Any CPU
		{821FACB8-55E8-46B6-9D1D-AAC05B42E03F}.Release|Any CPU.ActiveCfg = Release|Any CPU
		{821FACB8-55E8-46B6-9D1D-AAC05B42E03F}.Release|Any CPU.Build.0 = Release|Any CPU
		{F1FE2867-37E7-489A-BEF0-A8AEEC0C5713}.Debug|Any CPU.ActiveCfg = Debug|Any CPU
		{F1FE2867-37E7-489A-BEF0-A8AEEC0C5713}.Debug|Any CPU.Build.0 = Debug|Any CPU
		{F1FE2867-37E7-489A-BEF0-A8AEEC0C5713}.Release|Any CPU.ActiveCfg = Release|Any CPU
		{F1FE2867-37E7-489A-BEF0-A8AEEC0C5713}.Release|Any CPU.Build.0 = Release|Any CPU
		{D81FE209-CBFA-4CF4-B053-1FF8AED01995}.Debug|Any CPU.ActiveCfg = Debug|Any CPU
		{D81FE209-CBFA-4CF4-B053-1FF8AED01995}.Debug|Any CPU.Build.0 = Debug|Any CPU
		{D81FE209-CBFA-4CF4-B053-1FF8AED01995}.Release|Any CPU.ActiveCfg = Release|Any CPU
		{D81FE209-CBFA-4CF4-B053-1FF8AED01995}.Release|Any CPU.Build.0 = Release|Any CPU
		{F093A607-1FBB-462C-8582-31566D1956CA}.Debug|Any CPU.ActiveCfg = Debug|Any CPU
		{F093A607-1FBB-462C-8582-31566D1956CA}.Debug|Any CPU.Build.0 = Debug|Any CPU
		{F093A607-1FBB-462C-8582-31566D1956CA}.Release|Any CPU.ActiveCfg = Release|Any CPU
		{F093A607-1FBB-462C-8582-31566D1956CA}.Release|Any CPU.Build.0 = Release|Any CPU
		{45FC4E0B-370D-4625-9A8E-FFD0E3E15134}.Debug|Any CPU.ActiveCfg = Debug|Any CPU
		{45FC4E0B-370D-4625-9A8E-FFD0E3E15134}.Debug|Any CPU.Build.0 = Debug|Any CPU
		{45FC4E0B-370D-4625-9A8E-FFD0E3E15134}.Release|Any CPU.ActiveCfg = Release|Any CPU
		{45FC4E0B-370D-4625-9A8E-FFD0E3E15134}.Release|Any CPU.Build.0 = Release|Any CPU
		{82A26933-41C7-42DB-8E24-5409DB2957E3}.Debug|Any CPU.ActiveCfg = Debug|Any CPU
		{82A26933-41C7-42DB-8E24-5409DB2957E3}.Debug|Any CPU.Build.0 = Debug|Any CPU
		{82A26933-41C7-42DB-8E24-5409DB2957E3}.Release|Any CPU.ActiveCfg = Release|Any CPU
		{82A26933-41C7-42DB-8E24-5409DB2957E3}.Release|Any CPU.Build.0 = Release|Any CPU
		{8B48CDD1-6BAF-469E-8FF1-FE75759A9AD3}.Debug|Any CPU.ActiveCfg = Debug|Any CPU
		{8B48CDD1-6BAF-469E-8FF1-FE75759A9AD3}.Debug|Any CPU.Build.0 = Debug|Any CPU
		{8B48CDD1-6BAF-469E-8FF1-FE75759A9AD3}.Release|Any CPU.ActiveCfg = Release|Any CPU
		{8B48CDD1-6BAF-469E-8FF1-FE75759A9AD3}.Release|Any CPU.Build.0 = Release|Any CPU
		{BAC86F22-E4D0-44AC-A69E-CBB6AC754530}.Debug|Any CPU.ActiveCfg = Debug|Any CPU
		{BAC86F22-E4D0-44AC-A69E-CBB6AC754530}.Debug|Any CPU.Build.0 = Debug|Any CPU
		{BAC86F22-E4D0-44AC-A69E-CBB6AC754530}.Release|Any CPU.ActiveCfg = Release|Any CPU
		{BAC86F22-E4D0-44AC-A69E-CBB6AC754530}.Release|Any CPU.Build.0 = Release|Any CPU
		{B36B0544-E515-42E7-BB0C-A657270D748F}.Debug|Any CPU.ActiveCfg = Debug|Any CPU
		{B36B0544-E515-42E7-BB0C-A657270D748F}.Debug|Any CPU.Build.0 = Debug|Any CPU
		{B36B0544-E515-42E7-BB0C-A657270D748F}.Release|Any CPU.ActiveCfg = Release|Any CPU
		{B36B0544-E515-42E7-BB0C-A657270D748F}.Release|Any CPU.Build.0 = Release|Any CPU
	EndGlobalSection
	GlobalSection(SolutionProperties) = preSolution
		HideSolutionNode = FALSE
	EndGlobalSection
	GlobalSection(ExtensibilityGlobals) = postSolution
		SolutionGuid = {F264CAEE-A435-4BE4-9605-6D072E2D06FB}
	EndGlobalSection
EndGlobal
