
Microsoft Visual Studio Solution File, Format Version 12.00
# Visual Studio Version 17
VisualStudioVersion = 17.3.32922.545
MinimumVisualStudioVersion = 10.0.40219.1
Project("{FAE04EC0-301F-11D3-BF4B-00C04F79EFBC}") = "ParOuImpar", "ParOuImpar\ParOuImpar.csproj", "{E4B9D595-95C0-43F4-B1EE-18A562EF18A3}"
EndProject
Project("{FAE04EC0-301F-11D3-BF4B-00C04F79EFBC}") = "Dicionario", "Dicionario\Dicionario.csproj", "{62ED0AC7-AF57-40E0-B5BD-7BA8271929BB}"
EndProject
Project("{FAE04EC0-301F-11D3-BF4B-00C04F79EFBC}") = "GeradorDeSenhas", "GeradorDeSenhas\GeradorDeSenhas.csproj", "{8F94BC7C-6CDB-42EF-9C0C-A1A46EF9E56A}"
EndProject
Global
	GlobalSection(SolutionConfigurationPlatforms) = preSolution
		Debug|Any CPU = Debug|Any CPU
		Release|Any CPU = Release|Any CPU
	EndGlobalSection
	GlobalSection(ProjectConfigurationPlatforms) = postSolution
		{E4B9D595-95C0-43F4-B1EE-18A562EF18A3}.Debug|Any CPU.ActiveCfg = Debug|Any CPU
		{E4B9D595-95C0-43F4-B1EE-18A562EF18A3}.Debug|Any CPU.Build.0 = Debug|Any CPU
		{E4B9D595-95C0-43F4-B1EE-18A562EF18A3}.Release|Any CPU.ActiveCfg = Release|Any CPU
		{E4B9D595-95C0-43F4-B1EE-18A562EF18A3}.Release|Any CPU.Build.0 = Release|Any CPU
		{62ED0AC7-AF57-40E0-B5BD-7BA8271929BB}.Debug|Any CPU.ActiveCfg = Debug|Any CPU
		{62ED0AC7-AF57-40E0-B5BD-7BA8271929BB}.Debug|Any CPU.Build.0 = Debug|Any CPU
		{62ED0AC7-AF57-40E0-B5BD-7BA8271929BB}.Release|Any CPU.ActiveCfg = Release|Any CPU
		{62ED0AC7-AF57-40E0-B5BD-7BA8271929BB}.Release|Any CPU.Build.0 = Release|Any CPU
		{8F94BC7C-6CDB-42EF-9C0C-A1A46EF9E56A}.Debug|Any CPU.ActiveCfg = Debug|Any CPU
		{8F94BC7C-6CDB-42EF-9C0C-A1A46EF9E56A}.Debug|Any CPU.Build.0 = Debug|Any CPU
		{8F94BC7C-6CDB-42EF-9C0C-A1A46EF9E56A}.Release|Any CPU.ActiveCfg = Release|Any CPU
		{8F94BC7C-6CDB-42EF-9C0C-A1A46EF9E56A}.Release|Any CPU.Build.0 = Release|Any CPU
	EndGlobalSection
	GlobalSection(SolutionProperties) = preSolution
		HideSolutionNode = FALSE
	EndGlobalSection
	GlobalSection(ExtensibilityGlobals) = postSolution
		SolutionGuid = {6AB51DF9-293E-4918-BD78-3B10B741C10E}
	EndGlobalSection
EndGlobal
