
Microsoft Visual Studio Solution File, Format Version 12.00
# Visual Studio Version 17
VisualStudioVersion = 17.13.35931.197 d17.13
MinimumVisualStudioVersion = 10.0.40219.1
Project("{FAE04EC0-301F-11D3-BF4B-00C04F79EFBC}") = "WebAPI-HortiFruti", "WebAPI-HortiFruti\WebAPI-HortiFruti.csproj", "{8991FFF6-7BF4-45EB-809B-7776DF449814}"
EndProject
Global
	GlobalSection(SolutionConfigurationPlatforms) = preSolution
		Debug|Any CPU = Debug|Any CPU
		Release|Any CPU = Release|Any CPU
	EndGlobalSection
	GlobalSection(ProjectConfigurationPlatforms) = postSolution
		{8991FFF6-7BF4-45EB-809B-7776DF449814}.Debug|Any CPU.ActiveCfg = Debug|Any CPU
		{8991FFF6-7BF4-45EB-809B-7776DF449814}.Debug|Any CPU.Build.0 = Debug|Any CPU
		{8991FFF6-7BF4-45EB-809B-7776DF449814}.Release|Any CPU.ActiveCfg = Release|Any CPU
		{8991FFF6-7BF4-45EB-809B-7776DF449814}.Release|Any CPU.Build.0 = Release|Any CPU
	EndGlobalSection
	GlobalSection(SolutionProperties) = preSolution
		HideSolutionNode = FALSE
	EndGlobalSection
	GlobalSection(ExtensibilityGlobals) = postSolution
		SolutionGuid = {76CD55E1-EA1C-4FD3-A678-0983E97A267D}
	EndGlobalSection
EndGlobal
