
Microsoft Visual Studio Solution File, Format Version 12.00
# Visual Studio Version 17
VisualStudioVersion = 17.3.32922.545
MinimumVisualStudioVersion = 10.0.40219.1
Project("{FAE04EC0-301F-11D3-BF4B-00C04F79EFBC}") = "AntecessorSucessor", "AntecessorSucessor\AntecessorSucessor.csproj", "{0948E331-E4CF-4AE0-807F-5E69C9C08E27}"
EndProject
Project("{FAE04EC0-301F-11D3-BF4B-00C04F79EFBC}") = "Calculadora", "Calculadora\Calculadora.csproj", "{75290399-1D95-4A51-BE9F-93A2405A4A4A}"
EndProject
Global
	GlobalSection(SolutionConfigurationPlatforms) = preSolution
		Debug|Any CPU = Debug|Any CPU
		Release|Any CPU = Release|Any CPU
	EndGlobalSection
	GlobalSection(ProjectConfigurationPlatforms) = postSolution
		{0948E331-E4CF-4AE0-807F-5E69C9C08E27}.Debug|Any CPU.ActiveCfg = Debug|Any CPU
		{0948E331-E4CF-4AE0-807F-5E69C9C08E27}.Debug|Any CPU.Build.0 = Debug|Any CPU
		{0948E331-E4CF-4AE0-807F-5E69C9C08E27}.Release|Any CPU.ActiveCfg = Release|Any CPU
		{0948E331-E4CF-4AE0-807F-5E69C9C08E27}.Release|Any CPU.Build.0 = Release|Any CPU
		{75290399-1D95-4A51-BE9F-93A2405A4A4A}.Debug|Any CPU.ActiveCfg = Debug|Any CPU
		{75290399-1D95-4A51-BE9F-93A2405A4A4A}.Debug|Any CPU.Build.0 = Debug|Any CPU
		{75290399-1D95-4A51-BE9F-93A2405A4A4A}.Release|Any CPU.ActiveCfg = Release|Any CPU
		{75290399-1D95-4A51-BE9F-93A2405A4A4A}.Release|Any CPU.Build.0 = Release|Any CPU
	EndGlobalSection
	GlobalSection(SolutionProperties) = preSolution
		HideSolutionNode = FALSE
	EndGlobalSection
	GlobalSection(ExtensibilityGlobals) = postSolution
		SolutionGuid = {BDAB46F3-6D38-4516-A1D5-A4E40F40DE4B}
	EndGlobalSection
EndGlobal
