
Microsoft Visual Studio Solution File, Format Version 12.00
# Visual Studio Version 17
VisualStudioVersion = 17.3.32922.545
MinimumVisualStudioVersion = 10.0.40219.1
Project("{FAE04EC0-301F-11D3-BF4B-00C04F79EFBC}") = "AntecessorSucessor", "AntecessorSucessor\AntecessorSucessor.csproj", "{0948E331-E4CF-4AE0-807F-5E69C9C08E27}"
EndProject
Project("{FAE04EC0-301F-11D3-BF4B-00C04F79EFBC}") = "Calculadora", "Calculadora\Calculadora.csproj", "{75290399-1D95-4A51-BE9F-93A2405A4A4A}"
EndProject
Project("{FAE04EC0-301F-11D3-BF4B-00C04F79EFBC}") = "Loteria", "Loteria\Loteria.csproj", "{1BDFCB18-4F40-49A4-94C9-26CB06B24950}"
EndProject
Project("{FAE04EC0-301F-11D3-BF4B-00C04F79EFBC}") = "Tabuada", "Tabuada\Tabuada.csproj", "{6CFC17F6-9E73-4BBA-B6B7-6A0C7945F530}"
EndProject
Project("{FAE04EC0-301F-11D3-BF4B-00C04F79EFBC}") = "Senha", "Senha\Senha.csproj", "{31B8418C-A02F-4870-AF90-F8D47085296E}"
EndProject
Project("{FAE04EC0-301F-11D3-BF4B-00C04F79EFBC}") = "ComparacaoNumeros", "ComparacaoNumeros\ComparacaoNumeros.csproj", "{514B772B-2CE1-4897-A592-BF9A5A741F7E}"
EndProject
Project("{FAE04EC0-301F-11D3-BF4B-00C04F79EFBC}") = "Pescador", "Pescador\Pescador.csproj", "{318FFEBF-2150-4318-8DF2-C91C3CA1A8D0}"
EndProject
Project("{FAE04EC0-301F-11D3-BF4B-00C04F79EFBC}") = "Votacao", "Votacao\Votacao.csproj", "{69367398-5A48-4080-9D7F-5789C29BFFEF}"
EndProject
Project("{FAE04EC0-301F-11D3-BF4B-00C04F79EFBC}") = "Notas", "Notas\Notas.csproj", "{D203905B-6685-4D40-9615-88051EF0BD33}"
EndProject
Project("{FAE04EC0-301F-11D3-BF4B-00C04F79EFBC}") = "Posto", "Posto\Posto.csproj", "{3C119264-4032-4E9E-974F-07CA40F9A57D}"
EndProject
Global
	GlobalSection(SolutionConfigurationPlatforms) = preSolution
		Debug|Any CPU = Debug|Any CPU
		Release|Any CPU = Release|Any CPU
	EndGlobalSection
	GlobalSection(ProjectConfigurationPlatforms) = postSolution
		{0948E331-E4CF-4AE0-807F-5E69C9C08E27}.Debug|Any CPU.ActiveCfg = Debug|Any CPU
		{0948E331-E4CF-4AE0-807F-5E69C9C08E27}.Debug|Any CPU.Build.0 = Debug|Any CPU
		{0948E331-E4CF-4AE0-807F-5E69C9C08E27}.Release|Any CPU.ActiveCfg = Release|Any CPU
		{0948E331-E4CF-4AE0-807F-5E69C9C08E27}.Release|Any CPU.Build.0 = Release|Any CPU
		{75290399-1D95-4A51-BE9F-93A2405A4A4A}.Debug|Any CPU.ActiveCfg = Debug|Any CPU
		{75290399-1D95-4A51-BE9F-93A2405A4A4A}.Debug|Any CPU.Build.0 = Debug|Any CPU
		{75290399-1D95-4A51-BE9F-93A2405A4A4A}.Release|Any CPU.ActiveCfg = Release|Any CPU
		{75290399-1D95-4A51-BE9F-93A2405A4A4A}.Release|Any CPU.Build.0 = Release|Any CPU
		{1BDFCB18-4F40-49A4-94C9-26CB06B24950}.Debug|Any CPU.ActiveCfg = Debug|Any CPU
		{1BDFCB18-4F40-49A4-94C9-26CB06B24950}.Debug|Any CPU.Build.0 = Debug|Any CPU
		{1BDFCB18-4F40-49A4-94C9-26CB06B24950}.Release|Any CPU.ActiveCfg = Release|Any CPU
		{1BDFCB18-4F40-49A4-94C9-26CB06B24950}.Release|Any CPU.Build.0 = Release|Any CPU
		{6CFC17F6-9E73-4BBA-B6B7-6A0C7945F530}.Debug|Any CPU.ActiveCfg = Debug|Any CPU
		{6CFC17F6-9E73-4BBA-B6B7-6A0C7945F530}.Debug|Any CPU.Build.0 = Debug|Any CPU
		{6CFC17F6-9E73-4BBA-B6B7-6A0C7945F530}.Release|Any CPU.ActiveCfg = Release|Any CPU
		{6CFC17F6-9E73-4BBA-B6B7-6A0C7945F530}.Release|Any CPU.Build.0 = Release|Any CPU
		{31B8418C-A02F-4870-AF90-F8D47085296E}.Debug|Any CPU.ActiveCfg = Debug|Any CPU
		{31B8418C-A02F-4870-AF90-F8D47085296E}.Debug|Any CPU.Build.0 = Debug|Any CPU
		{31B8418C-A02F-4870-AF90-F8D47085296E}.Release|Any CPU.ActiveCfg = Release|Any CPU
		{31B8418C-A02F-4870-AF90-F8D47085296E}.Release|Any CPU.Build.0 = Release|Any CPU
		{514B772B-2CE1-4897-A592-BF9A5A741F7E}.Debug|Any CPU.ActiveCfg = Debug|Any CPU
		{514B772B-2CE1-4897-A592-BF9A5A741F7E}.Debug|Any CPU.Build.0 = Debug|Any CPU
		{514B772B-2CE1-4897-A592-BF9A5A741F7E}.Release|Any CPU.ActiveCfg = Release|Any CPU
		{514B772B-2CE1-4897-A592-BF9A5A741F7E}.Release|Any CPU.Build.0 = Release|Any CPU
		{318FFEBF-2150-4318-8DF2-C91C3CA1A8D0}.Debug|Any CPU.ActiveCfg = Debug|Any CPU
		{318FFEBF-2150-4318-8DF2-C91C3CA1A8D0}.Debug|Any CPU.Build.0 = Debug|Any CPU
		{318FFEBF-2150-4318-8DF2-C91C3CA1A8D0}.Release|Any CPU.ActiveCfg = Release|Any CPU
		{318FFEBF-2150-4318-8DF2-C91C3CA1A8D0}.Release|Any CPU.Build.0 = Release|Any CPU
		{69367398-5A48-4080-9D7F-5789C29BFFEF}.Debug|Any CPU.ActiveCfg = Debug|Any CPU
		{69367398-5A48-4080-9D7F-5789C29BFFEF}.Debug|Any CPU.Build.0 = Debug|Any CPU
		{69367398-5A48-4080-9D7F-5789C29BFFEF}.Release|Any CPU.ActiveCfg = Release|Any CPU
		{69367398-5A48-4080-9D7F-5789C29BFFEF}.Release|Any CPU.Build.0 = Release|Any CPU
		{D203905B-6685-4D40-9615-88051EF0BD33}.Debug|Any CPU.ActiveCfg = Debug|Any CPU
		{D203905B-6685-4D40-9615-88051EF0BD33}.Debug|Any CPU.Build.0 = Debug|Any CPU
		{D203905B-6685-4D40-9615-88051EF0BD33}.Release|Any CPU.ActiveCfg = Release|Any CPU
		{D203905B-6685-4D40-9615-88051EF0BD33}.Release|Any CPU.Build.0 = Release|Any CPU
		{3C119264-4032-4E9E-974F-07CA40F9A57D}.Debug|Any CPU.ActiveCfg = Debug|Any CPU
		{3C119264-4032-4E9E-974F-07CA40F9A57D}.Debug|Any CPU.Build.0 = Debug|Any CPU
		{3C119264-4032-4E9E-974F-07CA40F9A57D}.Release|Any CPU.ActiveCfg = Release|Any CPU
		{3C119264-4032-4E9E-974F-07CA40F9A57D}.Release|Any CPU.Build.0 = Release|Any CPU
	EndGlobalSection
	GlobalSection(SolutionProperties) = preSolution
		HideSolutionNode = FALSE
	EndGlobalSection
	GlobalSection(ExtensibilityGlobals) = postSolution
		SolutionGuid = {BDAB46F3-6D38-4516-A1D5-A4E40F40DE4B}
	EndGlobalSection
EndGlobal
