
Microsoft Visual Studio Solution File, Format Version 12.00
# Visual Studio Version 17
VisualStudioVersion = 17.3.32922.545
MinimumVisualStudioVersion = 10.0.40219.1
Project("{FAE04EC0-301F-11D3-BF4B-00C04F79EFBC}") = "Carro01", "Carro01\Carro01.csproj", "{EB0C53AB-8818-459B-AE37-BBEADCB352B9}"
EndProject
Project("{FAE04EC0-301F-11D3-BF4B-00C04F79EFBC}") = "OO-Pessoa", "Pessoa\OO-Pessoa.csproj", "{5785643A-A8E1-40FA-9E9C-4F4998125FCB}"
EndProject
Project("{FAE04EC0-301F-11D3-BF4B-00C04F79EFBC}") = "Catraca", "Catraca\Catraca.csproj", "{45E8727D-7E7D-44B2-BBFE-C711F47ADDF6}"
EndProject
Project("{FAE04EC0-301F-11D3-BF4B-00C04F79EFBC}") = "Porta", "Porta\Porta.csproj", "{83BCCB4E-BB96-4841-9B07-F19F22EB20CF}"
EndProject
Project("{FAE04EC0-301F-11D3-BF4B-00C04F79EFBC}") = "Pais", "Pais\Pais.csproj", "{8E6601AD-DAFC-4E65-984B-E9945B333E6F}"
EndProject
Project("{FAE04EC0-301F-11D3-BF4B-00C04F79EFBC}") = "EnumEstudo", "EnumEstudo\EnumEstudo.csproj", "{728AEAE1-0A42-4E35-84EE-11A78B930F19}"
EndProject
Project("{FAE04EC0-301F-11D3-BF4B-00C04F79EFBC}") = "Lavajato", "Lavajato\Lavajato.csproj", "{78EB9ECD-AB75-40F8-981F-86CAB057EAF9}"
EndProject
Project("{FAE04EC0-301F-11D3-BF4B-00C04F79EFBC}") = "LavaJato02", "LavaJato02\LavaJato02.csproj", "{9F2C645C-8636-43D1-91F7-10FFEDC16BA4}"
EndProject
Project("{FAE04EC0-301F-11D3-BF4B-00C04F79EFBC}") = "LojaEletrodomesticos", "LojaEletrodomesticos\LojaEletrodomesticos.csproj", "{EC119327-9147-4B48-9519-1417A2CED7FC}"
EndProject
Project("{FAE04EC0-301F-11D3-BF4B-00C04F79EFBC}") = "Animal", "Animal\Animal.csproj", "{7066F76A-A1FB-4BBE-ADFA-81BD26A7DAA6}"
EndProject
Project("{FAE04EC0-301F-11D3-BF4B-00C04F79EFBC}") = "Carro02", "Carro02\Carro02.csproj", "{46F00119-B41E-4C2E-93CB-F873842AFDDE}"
EndProject
Project("{FAE04EC0-301F-11D3-BF4B-00C04F79EFBC}") = "Mercadinho", "Mercadinho\Mercadinho.csproj", "{196A9777-2C1F-4427-BD13-B62970B296D3}"
EndProject
Project("{FAE04EC0-301F-11D3-BF4B-00C04F79EFBC}") = "Biblioteca", "Biblioteca\Biblioteca.csproj", "{9443D8D3-DF71-455D-8D70-7FBDE68D861B}"
EndProject
Project("{FAE04EC0-301F-11D3-BF4B-00C04F79EFBC}") = "ParqueDeDiversoes", "ParqueDeDiversoes\ParqueDeDiversoes.csproj", "{AE1CCB70-BB01-48FE-8C1F-806643A0D3B5}"
EndProject
Project("{FAE04EC0-301F-11D3-BF4B-00C04F79EFBC}") = "ParqueDeDiversoes02", "ParqueDeDiversao02\ParqueDeDiversoes02.csproj", "{94DC1B93-4D40-42BE-B6E4-0526AEB5C433}"
EndProject
Project("{FAE04EC0-301F-11D3-BF4B-00C04F79EFBC}") = "ParqueDeDiversoes03", "ParqueDeDiversoes03\ParqueDeDiversoes03.csproj", "{8D66E0C2-855F-41BA-B9C7-3237222D0B44}"
EndProject
Global
	GlobalSection(SolutionConfigurationPlatforms) = preSolution
		Debug|Any CPU = Debug|Any CPU
		Release|Any CPU = Release|Any CPU
	EndGlobalSection
	GlobalSection(ProjectConfigurationPlatforms) = postSolution
		{EB0C53AB-8818-459B-AE37-BBEADCB352B9}.Debug|Any CPU.ActiveCfg = Debug|Any CPU
		{EB0C53AB-8818-459B-AE37-BBEADCB352B9}.Debug|Any CPU.Build.0 = Debug|Any CPU
		{EB0C53AB-8818-459B-AE37-BBEADCB352B9}.Release|Any CPU.ActiveCfg = Release|Any CPU
		{EB0C53AB-8818-459B-AE37-BBEADCB352B9}.Release|Any CPU.Build.0 = Release|Any CPU
		{5785643A-A8E1-40FA-9E9C-4F4998125FCB}.Debug|Any CPU.ActiveCfg = Debug|Any CPU
		{5785643A-A8E1-40FA-9E9C-4F4998125FCB}.Debug|Any CPU.Build.0 = Debug|Any CPU
		{5785643A-A8E1-40FA-9E9C-4F4998125FCB}.Release|Any CPU.ActiveCfg = Release|Any CPU
		{5785643A-A8E1-40FA-9E9C-4F4998125FCB}.Release|Any CPU.Build.0 = Release|Any CPU
		{45E8727D-7E7D-44B2-BBFE-C711F47ADDF6}.Debug|Any CPU.ActiveCfg = Debug|Any CPU
		{45E8727D-7E7D-44B2-BBFE-C711F47ADDF6}.Debug|Any CPU.Build.0 = Debug|Any CPU
		{45E8727D-7E7D-44B2-BBFE-C711F47ADDF6}.Release|Any CPU.ActiveCfg = Release|Any CPU
		{45E8727D-7E7D-44B2-BBFE-C711F47ADDF6}.Release|Any CPU.Build.0 = Release|Any CPU
		{83BCCB4E-BB96-4841-9B07-F19F22EB20CF}.Debug|Any CPU.ActiveCfg = Debug|Any CPU
		{83BCCB4E-BB96-4841-9B07-F19F22EB20CF}.Debug|Any CPU.Build.0 = Debug|Any CPU
		{83BCCB4E-BB96-4841-9B07-F19F22EB20CF}.Release|Any CPU.ActiveCfg = Release|Any CPU
		{83BCCB4E-BB96-4841-9B07-F19F22EB20CF}.Release|Any CPU.Build.0 = Release|Any CPU
		{8E6601AD-DAFC-4E65-984B-E9945B333E6F}.Debug|Any CPU.ActiveCfg = Debug|Any CPU
		{8E6601AD-DAFC-4E65-984B-E9945B333E6F}.Debug|Any CPU.Build.0 = Debug|Any CPU
		{8E6601AD-DAFC-4E65-984B-E9945B333E6F}.Release|Any CPU.ActiveCfg = Release|Any CPU
		{8E6601AD-DAFC-4E65-984B-E9945B333E6F}.Release|Any CPU.Build.0 = Release|Any CPU
		{728AEAE1-0A42-4E35-84EE-11A78B930F19}.Debug|Any CPU.ActiveCfg = Debug|Any CPU
		{728AEAE1-0A42-4E35-84EE-11A78B930F19}.Debug|Any CPU.Build.0 = Debug|Any CPU
		{728AEAE1-0A42-4E35-84EE-11A78B930F19}.Release|Any CPU.ActiveCfg = Release|Any CPU
		{728AEAE1-0A42-4E35-84EE-11A78B930F19}.Release|Any CPU.Build.0 = Release|Any CPU
		{78EB9ECD-AB75-40F8-981F-86CAB057EAF9}.Debug|Any CPU.ActiveCfg = Debug|Any CPU
		{78EB9ECD-AB75-40F8-981F-86CAB057EAF9}.Debug|Any CPU.Build.0 = Debug|Any CPU
		{78EB9ECD-AB75-40F8-981F-86CAB057EAF9}.Release|Any CPU.ActiveCfg = Release|Any CPU
		{78EB9ECD-AB75-40F8-981F-86CAB057EAF9}.Release|Any CPU.Build.0 = Release|Any CPU
		{9F2C645C-8636-43D1-91F7-10FFEDC16BA4}.Debug|Any CPU.ActiveCfg = Debug|Any CPU
		{9F2C645C-8636-43D1-91F7-10FFEDC16BA4}.Debug|Any CPU.Build.0 = Debug|Any CPU
		{9F2C645C-8636-43D1-91F7-10FFEDC16BA4}.Release|Any CPU.ActiveCfg = Release|Any CPU
		{9F2C645C-8636-43D1-91F7-10FFEDC16BA4}.Release|Any CPU.Build.0 = Release|Any CPU
		{EC119327-9147-4B48-9519-1417A2CED7FC}.Debug|Any CPU.ActiveCfg = Debug|Any CPU
		{EC119327-9147-4B48-9519-1417A2CED7FC}.Debug|Any CPU.Build.0 = Debug|Any CPU
		{EC119327-9147-4B48-9519-1417A2CED7FC}.Release|Any CPU.ActiveCfg = Release|Any CPU
		{EC119327-9147-4B48-9519-1417A2CED7FC}.Release|Any CPU.Build.0 = Release|Any CPU
		{7066F76A-A1FB-4BBE-ADFA-81BD26A7DAA6}.Debug|Any CPU.ActiveCfg = Debug|Any CPU
		{7066F76A-A1FB-4BBE-ADFA-81BD26A7DAA6}.Debug|Any CPU.Build.0 = Debug|Any CPU
		{7066F76A-A1FB-4BBE-ADFA-81BD26A7DAA6}.Release|Any CPU.ActiveCfg = Release|Any CPU
		{7066F76A-A1FB-4BBE-ADFA-81BD26A7DAA6}.Release|Any CPU.Build.0 = Release|Any CPU
		{46F00119-B41E-4C2E-93CB-F873842AFDDE}.Debug|Any CPU.ActiveCfg = Debug|Any CPU
		{46F00119-B41E-4C2E-93CB-F873842AFDDE}.Debug|Any CPU.Build.0 = Debug|Any CPU
		{46F00119-B41E-4C2E-93CB-F873842AFDDE}.Release|Any CPU.ActiveCfg = Release|Any CPU
		{46F00119-B41E-4C2E-93CB-F873842AFDDE}.Release|Any CPU.Build.0 = Release|Any CPU
		{196A9777-2C1F-4427-BD13-B62970B296D3}.Debug|Any CPU.ActiveCfg = Debug|Any CPU
		{196A9777-2C1F-4427-BD13-B62970B296D3}.Debug|Any CPU.Build.0 = Debug|Any CPU
		{196A9777-2C1F-4427-BD13-B62970B296D3}.Release|Any CPU.ActiveCfg = Release|Any CPU
		{196A9777-2C1F-4427-BD13-B62970B296D3}.Release|Any CPU.Build.0 = Release|Any CPU
		{9443D8D3-DF71-455D-8D70-7FBDE68D861B}.Debug|Any CPU.ActiveCfg = Debug|Any CPU
		{9443D8D3-DF71-455D-8D70-7FBDE68D861B}.Debug|Any CPU.Build.0 = Debug|Any CPU
		{9443D8D3-DF71-455D-8D70-7FBDE68D861B}.Release|Any CPU.ActiveCfg = Release|Any CPU
		{9443D8D3-DF71-455D-8D70-7FBDE68D861B}.Release|Any CPU.Build.0 = Release|Any CPU
		{AE1CCB70-BB01-48FE-8C1F-806643A0D3B5}.Debug|Any CPU.ActiveCfg = Debug|Any CPU
		{AE1CCB70-BB01-48FE-8C1F-806643A0D3B5}.Debug|Any CPU.Build.0 = Debug|Any CPU
		{AE1CCB70-BB01-48FE-8C1F-806643A0D3B5}.Release|Any CPU.ActiveCfg = Release|Any CPU
		{AE1CCB70-BB01-48FE-8C1F-806643A0D3B5}.Release|Any CPU.Build.0 = Release|Any CPU
		{94DC1B93-4D40-42BE-B6E4-0526AEB5C433}.Debug|Any CPU.ActiveCfg = Debug|Any CPU
		{94DC1B93-4D40-42BE-B6E4-0526AEB5C433}.Debug|Any CPU.Build.0 = Debug|Any CPU
		{94DC1B93-4D40-42BE-B6E4-0526AEB5C433}.Release|Any CPU.ActiveCfg = Release|Any CPU
		{94DC1B93-4D40-42BE-B6E4-0526AEB5C433}.Release|Any CPU.Build.0 = Release|Any CPU
		{8D66E0C2-855F-41BA-B9C7-3237222D0B44}.Debug|Any CPU.ActiveCfg = Debug|Any CPU
		{8D66E0C2-855F-41BA-B9C7-3237222D0B44}.Debug|Any CPU.Build.0 = Debug|Any CPU
		{8D66E0C2-855F-41BA-B9C7-3237222D0B44}.Release|Any CPU.ActiveCfg = Release|Any CPU
		{8D66E0C2-855F-41BA-B9C7-3237222D0B44}.Release|Any CPU.Build.0 = Release|Any CPU
	EndGlobalSection
	GlobalSection(SolutionProperties) = preSolution
		HideSolutionNode = FALSE
	EndGlobalSection
	GlobalSection(ExtensibilityGlobals) = postSolution
		SolutionGuid = {2FB234B1-1720-4058-9C82-1F5D9418094D}
	EndGlobalSection
EndGlobal
